
Microsoft Visual Studio Solution File, Format Version 12.00
# Visual Studio 15
VisualStudioVersion = 15.0.27130.2027
MinimumVisualStudioVersion = 10.0.40219.1
Project("{FAE04EC0-301F-11D3-BF4B-00C04F79EFBC}") = "ch10Hw", "ch10Hw\ch10Hw.csproj", "{7C714F7B-1FD5-49E9-BB0B-D9EC0DA9D855}"
EndProject
Project("{FAE04EC0-301F-11D3-BF4B-00C04F79EFBC}") = "ComputerScience", "ComputerScience\ComputerScience.csproj", "{5C882315-469D-434C-B42C-8EA00AEC6719}"
EndProject
Global
	GlobalSection(SolutionConfigurationPlatforms) = preSolution
		Debug|Any CPU = Debug|Any CPU
		Release|Any CPU = Release|Any CPU
	EndGlobalSection
	GlobalSection(ProjectConfigurationPlatforms) = postSolution
		{7C714F7B-1FD5-49E9-BB0B-D9EC0DA9D855}.Debug|Any CPU.ActiveCfg = Debug|Any CPU
		{7C714F7B-1FD5-49E9-BB0B-D9EC0DA9D855}.Debug|Any CPU.Build.0 = Debug|Any CPU
		{7C714F7B-1FD5-49E9-BB0B-D9EC0DA9D855}.Release|Any CPU.ActiveCfg = Release|Any CPU
		{7C714F7B-1FD5-49E9-BB0B-D9EC0DA9D855}.Release|Any CPU.Build.0 = Release|Any CPU
		{5C882315-469D-434C-B42C-8EA00AEC6719}.Debug|Any CPU.ActiveCfg = Debug|Any CPU
		{5C882315-469D-434C-B42C-8EA00AEC6719}.Debug|Any CPU.Build.0 = Debug|Any CPU
		{5C882315-469D-434C-B42C-8EA00AEC6719}.Release|Any CPU.ActiveCfg = Release|Any CPU
		{5C882315-469D-434C-B42C-8EA00AEC6719}.Release|Any CPU.Build.0 = Release|Any CPU
	EndGlobalSection
	GlobalSection(SolutionProperties) = preSolution
		HideSolutionNode = FALSE
	EndGlobalSection
	GlobalSection(ExtensibilityGlobals) = postSolution
		SolutionGuid = {F434BD5B-B018-4593-86D3-3F96E21191B5}
	EndGlobalSection
EndGlobal
